
Microsoft Visual Studio Solution File, Format Version 12.00
# Visual Studio Version 17
VisualStudioVersion = 17.8.34525.116
MinimumVisualStudioVersion = 10.0.40219.1
Project("{FAE04EC0-301F-11D3-BF4B-00C04F79EFBC}") = "MauiAppJogoVelha", "MauiAppJogoVelha\MauiAppJogoVelha.csproj", "{8238E1EB-B056-4C47-8CB5-D327D3FE2ABD}"
EndProject
Global
	GlobalSection(SolutionConfigurationPlatforms) = preSolution
		Debug|Any CPU = Debug|Any CPU
		Release|Any CPU = Release|Any CPU
	EndGlobalSection
	GlobalSection(ProjectConfigurationPlatforms) = postSolution
		{8238E1EB-B056-4C47-8CB5-D327D3FE2ABD}.Debug|Any CPU.ActiveCfg = Debug|Any CPU
		{8238E1EB-B056-4C47-8CB5-D327D3FE2ABD}.Debug|Any CPU.Build.0 = Debug|Any CPU
		{8238E1EB-B056-4C47-8CB5-D327D3FE2ABD}.Debug|Any CPU.Deploy.0 = Debug|Any CPU
		{8238E1EB-B056-4C47-8CB5-D327D3FE2ABD}.Release|Any CPU.ActiveCfg = Release|Any CPU
		{8238E1EB-B056-4C47-8CB5-D327D3FE2ABD}.Release|Any CPU.Build.0 = Release|Any CPU
		{8238E1EB-B056-4C47-8CB5-D327D3FE2ABD}.Release|Any CPU.Deploy.0 = Release|Any CPU
	EndGlobalSection
	GlobalSection(SolutionProperties) = preSolution
		HideSolutionNode = FALSE
	EndGlobalSection
	GlobalSection(ExtensibilityGlobals) = postSolution
		SolutionGuid = {D7D1A86E-4DAD-4773-B1C3-73376FB4F577}
	EndGlobalSection
EndGlobal
